# This file is autogenerated, do not edit; changes may be undone by the next 'dep ensure'.


[[projects]]
  digest = "1:05ffeeed3f0f05520de0679f6aa3219ffee69cfd6d9fb6c194879d4c818ad670"
  name = "github.com/coreos/go-semver"
  packages = ["semver"]
  pruneopts = "UT"
  revision = "e214231b295a8ea9479f11b70b35d5acf3556d9b"
  version = "v0.3.0"

[[projects]]
  digest = "1:bcf36df8d43860bfde913d008301aef27c6e9a303582118a837c4a34c0d18167"
  name = "github.com/coreos/go-systemd"
  packages = ["journal"]
  pruneopts = "UT"
  revision = "2d78030078ef61b3cae27f42ad6d0e46db51b339"
  version = "v22.0.0"

[[projects]]
  digest = "1:39ff4d4d6baca1ac63c6a03404b761d664be14a71bb5a4aca8fef643d0f66fef"
  name = "github.com/coreos/pkg"
  packages = ["capnslog"]
  pruneopts = "UT"
  revision = "97fdf19511ea361ae1c100dd393cc47f8dcfa1e1"
  version = "v4"

[[projects]]
  digest = "1:e20a9d6598878d629e04541d96076bf232c1ee36f6b267c4a5dae7779f15c36a"
  name = "github.com/gogo/protobuf"
  packages = [
    "gogoproto",
    "proto",
    "protoc-gen-gogo/descriptor",
  ]
  pruneopts = "UT"
  revision = "5628607bb4c51c3157aacc3a50f0ab707582b805"
  version = "v1.3.1"

[[projects]]
  digest = "1:ecd73c8c5c5e48f9079e042ae733c3f3ab021218d6c4da3411d82727fd5a412a"
  name = "github.com/golang/protobuf"
  packages = [
    "proto",
    "ptypes",
    "ptypes/any",
    "ptypes/duration",
    "ptypes/timestamp",
  ]
  pruneopts = "UT"
  revision = "84668698ea25b64748563aa20726db66a6b8d299"
  version = "v1.3.5"

[[projects]]
  digest = "1:582b704bebaa06b48c29b0cec224a6058a09c86883aaddabde889cd1a5f73e1b"
  name = "github.com/google/uuid"
  packages = ["."]
  pruneopts = "UT"
  revision = "0cd6bf5da1e1c83f8b45653022c74f71af0538a4"
  version = "v1.1.1"

[[projects]]
  digest = "1:a33d09666ad41934f87ecc4c323643bb85222f7faab4da5899f1877168e824a9"
  name = "go.etcd.io/etcd"
  packages = [
    "auth/authpb",
    "clientv3",
    "clientv3/balancer",
    "clientv3/balancer/connectivity",
    "clientv3/balancer/picker",
    "clientv3/balancer/resolver/endpoint",
    "clientv3/credentials",
    "clientv3/naming",
    "etcdserver/api/v3rpc/rpctypes",
    "etcdserver/etcdserverpb",
    "mvcc/mvccpb",
    "pkg/logutil",
    "pkg/systemd",
    "pkg/types",
    "raft",
    "raft/confchange",
    "raft/quorum",
    "raft/raftpb",
    "raft/tracker",
    "version",
  ]
  pruneopts = "UT"
  revision = "e694b7bb087538c146e188a29753967d189d202b"
  version = "v3.4.7"

[[projects]]
  digest = "1:19525e48b45af69339bd7c2812137dbd1e650a78fc09c7c75482e307d51aa28d"
  name = "go.uber.org/atomic"
  packages = ["."]
  pruneopts = "UT"
  revision = "845920076a298bdb984fb0f1b86052e4ca0a281c"
  version = "v1.6.0"

[[projects]]
  digest = "1:a23ddd39502ba94e2a72815a946d0edec801defcf0a0c0530d04acee1f455128"
  name = "go.uber.org/multierr"
  packages = ["."]
  pruneopts = "UT"
  revision = "b587143a48b62b01d337824eab43700af6ffe222"
  version = "v1.5.0"

[[projects]]
  digest = "1:37db8edb1893509ed6230cb160a98ff5dc8fe4f82b6818baa88af4b478ce3824"
  name = "go.uber.org/zap"
  packages = [
    ".",
    "buffer",
    "internal/bufferpool",
    "internal/color",
    "internal/exit",
    "zapcore",
  ]
  pruneopts = "UT"
  revision = "2aa9fa25da83bdfff756c36a91442edc9a84576c"
  version = "v1.14.1"

[[projects]]
  branch = "master"
  digest = "1:f9a7240d0ea3bf872ddf93145604fb51f276141fd493ed94b48d551dba79113b"
  name = "golang.org/x/net"
  packages = [
    "context",
    "http/httpguts",
    "http2",
    "http2/hpack",
    "idna",
    "internal/timeseries",
    "trace",
  ]
  pruneopts = "UT"
  revision = "d3edc9973b7eb1fb302b0ff2c62357091cea9a30"

[[projects]]
  branch = "master"
  digest = "1:7d260271d98dc74100eff620ec75cb6cdd320f71598d51748eed99d3177125f2"
  name = "golang.org/x/sys"
  packages = ["unix"]
  pruneopts = "UT"
  revision = "ea54a3c99b9bf45d4c6a58010c98f4ba23e70265"

[[projects]]
  digest = "1:8d8faad6b12a3a4c819a3f9618cb6ee1fa1cfc33253abeeea8b55336721e3405"
  name = "golang.org/x/text"
  packages = [
    "collate",
    "collate/build",
    "internal/colltab",
    "internal/gen",
    "internal/language",
    "internal/language/compact",
    "internal/tag",
    "internal/triegen",
    "internal/ucd",
    "language",
    "secure/bidirule",
    "transform",
    "unicode/bidi",
    "unicode/cldr",
    "unicode/norm",
    "unicode/rangetable",
  ]
  pruneopts = "UT"
  revision = "342b2e1fbaa52c93f31447ad2c6abc048c63e475"
  version = "v0.3.2"

[[projects]]
  branch = "master"
  digest = "1:1c2a9b5021f7fe23a6f880468633f407f8b600a67e29b10f1892ae4425085820"
  name = "google.golang.org/genproto"
  packages = ["googleapis/rpc/status"]
  pruneopts = "UT"
  revision = "9eb9bb161a06a920f3d66021baea7837c7d3b209"

[[projects]]
  digest = "1:ab00a3d1e6f4e90fba93162a1f1ed0d7c2f9b3a7f73a49cba8260205dac0c069"
  name = "google.golang.org/grpc"
  packages = [
    ".",
    "attributes",
    "backoff",
    "balancer",
    "balancer/base",
    "balancer/roundrobin",
    "binarylog/grpc_binarylog_v1",
    "codes",
    "connectivity",
    "credentials",
    "credentials/internal",
    "encoding",
    "encoding/proto",
    "grpclog",
    "internal",
    "internal/backoff",
    "internal/balancerload",
    "internal/binarylog",
    "internal/buffer",
    "internal/channelz",
    "internal/envconfig",
    "internal/grpclog",
    "internal/grpcrand",
    "internal/grpcsync",
    "internal/grpcutil",
    "internal/resolver/dns",
    "internal/resolver/passthrough",
    "internal/syscall",
    "internal/transport",
    "keepalive",
    "metadata",
    "naming",
    "peer",
    "resolver",
    "resolver/dns",
    "resolver/passthrough",
    "serviceconfig",
    "stats",
    "status",
    "tap",
  ]
  pruneopts = "UT"
  revision = "ac54eec90516cee50fc6b9b113b34628a85f976f"
  version = "v1.28.1"

[solve-meta]
  analyzer-name = "dep"
  analyzer-version = 1
  input-imports = [
    "github.com/golang/protobuf/proto",
    "go.etcd.io/etcd/clientv3",
    "go.etcd.io/etcd/clientv3/naming",
    "google.golang.org/grpc",
    "google.golang.org/grpc/codes",
    "google.golang.org/grpc/status",
  ]
  solver-name = "gps-cdcl"
  solver-version = 1
